
Microsoft Visual Studio Solution File, Format Version 12.00
# Visual Studio 15
VisualStudioVersion = 15.0.27130.2036
MinimumVisualStudioVersion = 10.0.40219.1
Project("{FAE04EC0-301F-11D3-BF4B-00C04F79EFBC}") = "TorrentZilla", "TorrentZilla\TorrentZilla.csproj", "{BB986B3C-F14E-43FD-9D7E-5498EDE4046E}"
EndProject
Global
	GlobalSection(SolutionConfigurationPlatforms) = preSolution
		Debug|Any CPU = Debug|Any CPU
		Release|Any CPU = Release|Any CPU
	EndGlobalSection
	GlobalSection(ProjectConfigurationPlatforms) = postSolution
		{BB986B3C-F14E-43FD-9D7E-5498EDE4046E}.Debug|Any CPU.ActiveCfg = Debug|Any CPU
		{BB986B3C-F14E-43FD-9D7E-5498EDE4046E}.Debug|Any CPU.Build.0 = Debug|Any CPU
		{BB986B3C-F14E-43FD-9D7E-5498EDE4046E}.Release|Any CPU.ActiveCfg = Release|Any CPU
		{BB986B3C-F14E-43FD-9D7E-5498EDE4046E}.Release|Any CPU.Build.0 = Release|Any CPU
	EndGlobalSection
	GlobalSection(SolutionProperties) = preSolution
		HideSolutionNode = FALSE
	EndGlobalSection
	GlobalSection(ExtensibilityGlobals) = postSolution
		SolutionGuid = {46C8186A-FB65-4C18-972C-79F9D208E555}
	EndGlobalSection
EndGlobal
